// !$*UTF8*$!
{
	archiveVersion = 1;
	classes = {
	};
	objectVersion = 50;
	objects = {

/* Begin PBXBuildFile section */
		D03234D226D38B40009E2D7E /* drawSprite.s in Sources */ = {isa = PBXBuildFile; fileRef = D03234D126D38B40009E2D7E /* drawSprite.s */; };
		D03234D626D79D8E009E2D7E /* ghosts.s in Sources */ = {isa = PBXBuildFile; fileRef = D03234D526D79D8E009E2D7E /* ghosts.s */; };
		D03234D826D79DBE009E2D7E /* pac.s in Sources */ = {isa = PBXBuildFile; fileRef = D03234D726D79DBE009E2D7E /* pac.s */; };
		D03234DA26DEF5CA009E2D7E /* controls.s in Sources */ = {isa = PBXBuildFile; fileRef = D03234D926DEF5CA009E2D7E /* controls.s */; };
		D03234DC26E08B1F009E2D7E /* sound.s in Sources */ = {isa = PBXBuildFile; fileRef = D03234DB26E08B1F009E2D7E /* sound.s */; };
		D049B68D26E6437800EBB157 /* collision.s in Sources */ = {isa = PBXBuildFile; fileRef = D049B68C26E6437800EBB157 /* collision.s */; };
		D049B68F26EA081A00EBB157 /* alphaSprites.s in Sources */ = {isa = PBXBuildFile; fileRef = D049B68E26EA081A00EBB157 /* alphaSprites.s */; };
		D049B69126EA083600EBB157 /* drawAlphaSprites.s in Sources */ = {isa = PBXBuildFile; fileRef = D049B69026EA083600EBB157 /* drawAlphaSprites.s */; };
		D049B69326EB709400EBB157 /* score.s in Sources */ = {isa = PBXBuildFile; fileRef = D049B69226EB709400EBB157 /* score.s */; };
		D049B69526F16E1D00EBB157 /* fruit.s in Sources */ = {isa = PBXBuildFile; fileRef = D049B69426F16E1D00EBB157 /* fruit.s */; };
		D049B69726F4AAFF00EBB157 /* levelDisplay.s in Sources */ = {isa = PBXBuildFile; fileRef = D049B69626F4AAFF00EBB157 /* levelDisplay.s */; };
		D0865C7626CC890F00690A79 /* main.c in Sources */ = {isa = PBXBuildFile; fileRef = D0865C7526CC890F00690A79 /* main.c */; };
		D0865C7926CC890F00690A79 /* main.rez in CopyFiles */ = {isa = PBXBuildFile; fileRef = D0865C7826CC890F00690A79 /* main.rez */; };
		D0865C7B26CC890F00690A79 /* Makefile in Sources */ = {isa = PBXBuildFile; fileRef = D0865C7A26CC890F00690A79 /* Makefile */; };
		D0865C7E26CC890F00690A79 /* config.txt in CopyFiles */ = {isa = PBXBuildFile; fileRef = D0865C7D26CC890F00690A79 /* config.txt */; };
		D0865C8026CC890F00690A79 /* createDiskImage in CopyFiles */ = {isa = PBXBuildFile; fileRef = D0865C7F26CC890F00690A79 /* createDiskImage */; };
		D0865C8226CC890F00690A79 /* head.mk in CopyFiles */ = {isa = PBXBuildFile; fileRef = D0865C8126CC890F00690A79 /* head.mk */; };
		D0865C8426CC890F00690A79 /* launchEmulator in CopyFiles */ = {isa = PBXBuildFile; fileRef = D0865C8326CC890F00690A79 /* launchEmulator */; };
		D0865C8626CC890F00690A79 /* md2teach in CopyFiles */ = {isa = PBXBuildFile; fileRef = D0865C8526CC890F00690A79 /* md2teach */; };
		D0865C8826CC890F00690A79 /* orca-asm in CopyFiles */ = {isa = PBXBuildFile; fileRef = D0865C8726CC890F00690A79 /* orca-asm */; };
		D0865C8A26CC890F00690A79 /* orca-cc in CopyFiles */ = {isa = PBXBuildFile; fileRef = D0865C8926CC890F00690A79 /* orca-cc */; };
		D0865C8C26CC890F00690A79 /* orca-rez in CopyFiles */ = {isa = PBXBuildFile; fileRef = D0865C8B26CC890F00690A79 /* orca-rez */; };
		D0865C8E26CC890F00690A79 /* system601.2mg in CopyFiles */ = {isa = PBXBuildFile; fileRef = D0865C8D26CC890F00690A79 /* system601.2mg */; };
		D0865C9026CC890F00690A79 /* empty.2mg in CopyFiles */ = {isa = PBXBuildFile; fileRef = D0865C8F26CC890F00690A79 /* empty.2mg */; };
		D0865C9226CC890F00690A79 /* tar in CopyFiles */ = {isa = PBXBuildFile; fileRef = D0865C9126CC890F00690A79 /* tar */; };
		D0865C9426CC890F00690A79 /* tail.mk in CopyFiles */ = {isa = PBXBuildFile; fileRef = D0865C9326CC890F00690A79 /* tail.mk */; };
		D0865C9726CC890F00690A79 /* GS.Pacman.xcscheme in CopyFiles */ = {isa = PBXBuildFile; fileRef = D0865C9626CC890F00690A79 /* GS.Pacman.xcscheme */; };
		D0865CAA26CF3D7200690A79 /* game.s in Sources */ = {isa = PBXBuildFile; fileRef = D0865CA926CF3D7200690A79 /* game.s */; };
		D0865CAF26CF3F5300690A79 /* global.macros in Sources */ = {isa = PBXBuildFile; fileRef = D0865CAE26CF3F5300690A79 /* global.macros */; };
		D0865CB126CF401E00690A79 /* globals.s in Sources */ = {isa = PBXBuildFile; fileRef = D0865CB026CF401E00690A79 /* globals.s */; };
		D0865CB326CF40A600690A79 /* hardware.s in Sources */ = {isa = PBXBuildFile; fileRef = D0865CB226CF40A600690A79 /* hardware.s */; };
		D0865CB526CF435100690A79 /* maze.s in Sources */ = {isa = PBXBuildFile; fileRef = D0865CB426CF435100690A79 /* maze.s */; };
		D0865CB726D0847D00690A79 /* color.s in Sources */ = {isa = PBXBuildFile; fileRef = D0865CB626D0847D00690A79 /* color.s */; };
		D0865CB926D1EA6700690A79 /* sprites.s in Sources */ = {isa = PBXBuildFile; fileRef = D0865CB826D1EA6700690A79 /* sprites.s */; };
/* End PBXBuildFile section */

/* Begin PBXCopyFilesBuildPhase section */
		D0865C7126CC890F00690A79 /* CopyFiles */ = {
			isa = PBXCopyFilesBuildPhase;
			buildActionMask = 2147483647;
			dstPath = /usr/share/man/man1/;
			dstSubfolderSpec = 0;
			files = (
				D0865C8626CC890F00690A79 /* md2teach in CopyFiles */,
				D0865C8C26CC890F00690A79 /* orca-rez in CopyFiles */,
				D0865C9426CC890F00690A79 /* tail.mk in CopyFiles */,
				D0865C8426CC890F00690A79 /* launchEmulator in CopyFiles */,
				D0865C9026CC890F00690A79 /* empty.2mg in CopyFiles */,
				D0865C8826CC890F00690A79 /* orca-asm in CopyFiles */,
				D0865C8026CC890F00690A79 /* createDiskImage in CopyFiles */,
				D0865C9226CC890F00690A79 /* tar in CopyFiles */,
				D0865C7E26CC890F00690A79 /* config.txt in CopyFiles */,
				D0865C7926CC890F00690A79 /* main.rez in CopyFiles */,
				D0865C9726CC890F00690A79 /* GS.Pacman.xcscheme in CopyFiles */,
				D0865C8226CC890F00690A79 /* head.mk in CopyFiles */,
				D0865C8A26CC890F00690A79 /* orca-cc in CopyFiles */,
				D0865C8E26CC890F00690A79 /* system601.2mg in CopyFiles */,
			);
			runOnlyForDeploymentPostprocessing = 1;
		};
/* End PBXCopyFilesBuildPhase section */

/* Begin PBXFileReference section */
		D03234D126D38B40009E2D7E /* drawSprite.s */ = {isa = PBXFileReference; lastKnownFileType = sourcecode.asm; path = drawSprite.s; sourceTree = "<group>"; };
		D03234D526D79D8E009E2D7E /* ghosts.s */ = {isa = PBXFileReference; lastKnownFileType = sourcecode.asm; path = ghosts.s; sourceTree = "<group>"; };
		D03234D726D79DBE009E2D7E /* pac.s */ = {isa = PBXFileReference; lastKnownFileType = sourcecode.asm; path = pac.s; sourceTree = "<group>"; };
		D03234D926DEF5CA009E2D7E /* controls.s */ = {isa = PBXFileReference; fileEncoding = 4; lastKnownFileType = sourcecode.asm; path = controls.s; sourceTree = "<group>"; };
		D03234DB26E08B1F009E2D7E /* sound.s */ = {isa = PBXFileReference; fileEncoding = 4; lastKnownFileType = sourcecode.asm; path = sound.s; sourceTree = "<group>"; };
		D049B68C26E6437800EBB157 /* collision.s */ = {isa = PBXFileReference; lastKnownFileType = sourcecode.asm; path = collision.s; sourceTree = "<group>"; };
		D049B68E26EA081A00EBB157 /* alphaSprites.s */ = {isa = PBXFileReference; lastKnownFileType = sourcecode.asm; path = alphaSprites.s; sourceTree = "<group>"; };
		D049B69026EA083600EBB157 /* drawAlphaSprites.s */ = {isa = PBXFileReference; lastKnownFileType = sourcecode.asm; path = drawAlphaSprites.s; sourceTree = "<group>"; };
		D049B69226EB709400EBB157 /* score.s */ = {isa = PBXFileReference; lastKnownFileType = sourcecode.asm; path = score.s; sourceTree = "<group>"; };
		D049B69426F16E1D00EBB157 /* fruit.s */ = {isa = PBXFileReference; lastKnownFileType = sourcecode.asm; path = fruit.s; sourceTree = "<group>"; };
		D049B69626F4AAFF00EBB157 /* levelDisplay.s */ = {isa = PBXFileReference; lastKnownFileType = sourcecode.asm; path = levelDisplay.s; sourceTree = "<group>"; };
		D0865C6926CC890F00690A79 /* GS.Pacman */ = {isa = PBXFileReference; explicitFileType = "compiled.mach-o.executable"; includeInIndex = 0; path = GS.Pacman; sourceTree = BUILT_PRODUCTS_DIR; };
		D0865C6C26CC890F00690A79 /* GS.Pacman.2mg */ = {isa = PBXFileReference; explicitFileType = "compiled.mach-o.executable"; includeInIndex = 0; path = GS.Pacman.2mg; sourceTree = BUILT_PRODUCTS_DIR; };
		D0865C6E26CC890F00690A79 /* GS.Pacman.shk */ = {isa = PBXFileReference; explicitFileType = "compiled.mach-o.executable"; includeInIndex = 0; path = GS.Pacman.shk; sourceTree = BUILT_PRODUCTS_DIR; };
		D0865C7326CC890F00690A79 /* doNotBuild */ = {isa = PBXFileReference; explicitFileType = "compiled.mach-o.executable"; includeInIndex = 0; path = doNotBuild; sourceTree = BUILT_PRODUCTS_DIR; };
		D0865C7526CC890F00690A79 /* main.c */ = {isa = PBXFileReference; lastKnownFileType = sourcecode.c.c; path = main.c; sourceTree = "<group>"; };
		D0865C7726CC890F00690A79 /* main.h */ = {isa = PBXFileReference; lastKnownFileType = sourcecode.c.h; path = main.h; sourceTree = "<group>"; };
		D0865C7826CC890F00690A79 /* main.rez */ = {isa = PBXFileReference; lastKnownFileType = sourcecode.rez; path = main.rez; sourceTree = "<group>"; };
		D0865C7A26CC890F00690A79 /* Makefile */ = {isa = PBXFileReference; lastKnownFileType = sourcecode.make; path = Makefile; sourceTree = "<group>"; };
		D0865C7D26CC890F00690A79 /* config.txt */ = {isa = PBXFileReference; lastKnownFileType = text; name = config.txt; path = make/config.txt; sourceTree = "<group>"; };
		D0865C7F26CC890F00690A79 /* createDiskImage */ = {isa = PBXFileReference; lastKnownFileType = text.script.sh; name = createDiskImage; path = make/createDiskImage; sourceTree = "<group>"; };
		D0865C8126CC890F00690A79 /* head.mk */ = {isa = PBXFileReference; lastKnownFileType = text; name = head.mk; path = make/head.mk; sourceTree = "<group>"; };
		D0865C8326CC890F00690A79 /* launchEmulator */ = {isa = PBXFileReference; lastKnownFileType = text.script.sh; name = launchEmulator; path = make/launchEmulator; sourceTree = "<group>"; };
		D0865C8526CC890F00690A79 /* md2teach */ = {isa = PBXFileReference; lastKnownFileType = file; name = md2teach; path = make/md2teach; sourceTree = "<group>"; };
		D0865C8726CC890F00690A79 /* orca-asm */ = {isa = PBXFileReference; lastKnownFileType = text.script.sh; name = "orca-asm"; path = "make/orca-asm"; sourceTree = "<group>"; };
		D0865C8926CC890F00690A79 /* orca-cc */ = {isa = PBXFileReference; lastKnownFileType = text.script.sh; name = "orca-cc"; path = "make/orca-cc"; sourceTree = "<group>"; };
		D0865C8B26CC890F00690A79 /* orca-rez */ = {isa = PBXFileReference; lastKnownFileType = text.script.sh; name = "orca-rez"; path = "make/orca-rez"; sourceTree = "<group>"; };
		D0865C8D26CC890F00690A79 /* system601.2mg */ = {isa = PBXFileReference; lastKnownFileType = file; name = system601.2mg; path = make/system601.2mg; sourceTree = "<group>"; };
		D0865C8F26CC890F00690A79 /* empty.2mg */ = {isa = PBXFileReference; lastKnownFileType = file; name = empty.2mg; path = make/empty.2mg; sourceTree = "<group>"; };
		D0865C9126CC890F00690A79 /* tar */ = {isa = PBXFileReference; lastKnownFileType = file; name = tar; path = make/tar; sourceTree = "<group>"; };
		D0865C9326CC890F00690A79 /* tail.mk */ = {isa = PBXFileReference; lastKnownFileType = text; name = tail.mk; path = make/tail.mk; sourceTree = "<group>"; };
		D0865C9626CC890F00690A79 /* GS.Pacman.xcscheme */ = {isa = PBXFileReference; lastKnownFileType = text.xml; name = GS.Pacman.xcscheme; path = GS.Pacman.xcodeproj/xcshareddata/xcschemes/GS.Pacman.xcscheme; sourceTree = SOURCE_ROOT; };
		D0865CA926CF3D7200690A79 /* game.s */ = {isa = PBXFileReference; lastKnownFileType = sourcecode.asm; path = game.s; sourceTree = "<group>"; };
		D0865CAE26CF3F5300690A79 /* global.macros */ = {isa = PBXFileReference; lastKnownFileType = text; path = global.macros; sourceTree = "<group>"; };
		D0865CB026CF401E00690A79 /* globals.s */ = {isa = PBXFileReference; lastKnownFileType = sourcecode.asm; path = globals.s; sourceTree = "<group>"; };
		D0865CB226CF40A600690A79 /* hardware.s */ = {isa = PBXFileReference; lastKnownFileType = sourcecode.asm; path = hardware.s; sourceTree = "<group>"; };
		D0865CB426CF435100690A79 /* maze.s */ = {isa = PBXFileReference; lastKnownFileType = sourcecode.asm; path = maze.s; sourceTree = "<group>"; };
		D0865CB626D0847D00690A79 /* color.s */ = {isa = PBXFileReference; lastKnownFileType = sourcecode.asm; path = color.s; sourceTree = "<group>"; };
		D0865CB826D1EA6700690A79 /* sprites.s */ = {isa = PBXFileReference; lastKnownFileType = sourcecode.asm; path = sprites.s; sourceTree = "<group>"; };
/* End PBXFileReference section */

/* Begin PBXFrameworksBuildPhase section */
		D0865C7026CC890F00690A79 /* Frameworks */ = {
			isa = PBXFrameworksBuildPhase;
			buildActionMask = 2147483647;
			files = (
			);
			runOnlyForDeploymentPostprocessing = 0;
		};
/* End PBXFrameworksBuildPhase section */

/* Begin PBXGroup section */
		D0865C6226CC890F00690A79 = {
			isa = PBXGroup;
			children = (
				D0865C7426CC890F00690A79 /* GS.Pacman */,
				D0865C6A26CC890F00690A79 /* Products */,
			);
			sourceTree = "<group>";
		};
		D0865C6A26CC890F00690A79 /* Products */ = {
			isa = PBXGroup;
			children = (
				D0865C6926CC890F00690A79 /* GS.Pacman */,
				D0865C6C26CC890F00690A79 /* GS.Pacman.2mg */,
				D0865C6E26CC890F00690A79 /* GS.Pacman.shk */,
				D0865C7326CC890F00690A79 /* doNotBuild */,
			);
			name = Products;
			sourceTree = "<group>";
		};
		D0865C7426CC890F00690A79 /* GS.Pacman */ = {
			isa = PBXGroup;
			children = (
				D0865C7526CC890F00690A79 /* main.c */,
				D0865C7726CC890F00690A79 /* main.h */,
				D0865C7826CC890F00690A79 /* main.rez */,
				D0865C7A26CC890F00690A79 /* Makefile */,
				D0865C7C26CC890F00690A79 /* make */,
				D0865C9526CC890F00690A79 /* Supporting Files */,
				D0865CA926CF3D7200690A79 /* game.s */,
				D0865CAE26CF3F5300690A79 /* global.macros */,
				D0865CB026CF401E00690A79 /* globals.s */,
				D0865CB226CF40A600690A79 /* hardware.s */,
				D0865CB626D0847D00690A79 /* color.s */,
				D0865CB426CF435100690A79 /* maze.s */,
				D0865CB826D1EA6700690A79 /* sprites.s */,
				D03234D126D38B40009E2D7E /* drawSprite.s */,
				D049B68E26EA081A00EBB157 /* alphaSprites.s */,
				D049B69026EA083600EBB157 /* drawAlphaSprites.s */,
				D03234D526D79D8E009E2D7E /* ghosts.s */,
				D03234D726D79DBE009E2D7E /* pac.s */,
				D03234D926DEF5CA009E2D7E /* controls.s */,
				D03234DB26E08B1F009E2D7E /* sound.s */,
				D049B68C26E6437800EBB157 /* collision.s */,
				D049B69226EB709400EBB157 /* score.s */,
				D049B69426F16E1D00EBB157 /* fruit.s */,
				D049B69626F4AAFF00EBB157 /* levelDisplay.s */,
			);
			path = GS.Pacman;
			sourceTree = "<group>";
		};
		D0865C7C26CC890F00690A79 /* make */ = {
			isa = PBXGroup;
			children = (
				D0865C7D26CC890F00690A79 /* config.txt */,
				D0865C7F26CC890F00690A79 /* createDiskImage */,
				D0865C8126CC890F00690A79 /* head.mk */,
				D0865C8326CC890F00690A79 /* launchEmulator */,
				D0865C8526CC890F00690A79 /* md2teach */,
				D0865C8726CC890F00690A79 /* orca-asm */,
				D0865C8926CC890F00690A79 /* orca-cc */,
				D0865C8B26CC890F00690A79 /* orca-rez */,
				D0865C8D26CC890F00690A79 /* system601.2mg */,
				D0865C8F26CC890F00690A79 /* empty.2mg */,
				D0865C9126CC890F00690A79 /* tar */,
				D0865C9326CC890F00690A79 /* tail.mk */,
			);
			name = make;
			sourceTree = "<group>";
		};
		D0865C9526CC890F00690A79 /* Supporting Files */ = {
			isa = PBXGroup;
			children = (
				D0865C9626CC890F00690A79 /* GS.Pacman.xcscheme */,
			);
			name = "Supporting Files";
			sourceTree = "<group>";
		};
/* End PBXGroup section */

/* Begin PBXLegacyTarget section */
		D0865C6726CC890F00690A79 /* GS.Pacman */ = {
			isa = PBXLegacyTarget;
			buildArgumentsString = "-C GS.Pacman $(ACTION)";
			buildConfigurationList = D0865C9A26CC891000690A79 /* Build configuration list for PBXLegacyTarget "GS.Pacman" */;
			buildPhases = (
			);
			buildToolPath = /usr/bin/make;
			dependencies = (
			);
			name = GS.Pacman;
			passBuildSettingsInEnvironment = 1;
			productName = GS.Pacman;
		};
/* End PBXLegacyTarget section */

/* Begin PBXNativeTarget section */
		D0865C6826CC890F00690A79 /* Binary */ = {
			isa = PBXNativeTarget;
			buildConfigurationList = D0865C9D26CC891000690A79 /* Build configuration list for PBXNativeTarget "Binary" */;
			buildPhases = (
			);
			buildRules = (
			);
			dependencies = (
			);
			name = Binary;
			productName = Binary;
			productReference = D0865C6926CC890F00690A79 /* GS.Pacman */;
			productType = "com.apple.product-type.tool";
		};
		D0865C6B26CC890F00690A79 /* DiskImage */ = {
			isa = PBXNativeTarget;
			buildConfigurationList = D0865CA026CC891000690A79 /* Build configuration list for PBXNativeTarget "DiskImage" */;
			buildPhases = (
			);
			buildRules = (
			);
			dependencies = (
			);
			name = DiskImage;
			productName = DiskImage;
			productReference = D0865C6C26CC890F00690A79 /* GS.Pacman.2mg */;
			productType = "com.apple.product-type.tool";
		};
		D0865C6D26CC890F00690A79 /* Archive */ = {
			isa = PBXNativeTarget;
			buildConfigurationList = D0865CA326CC891000690A79 /* Build configuration list for PBXNativeTarget "Archive" */;
			buildPhases = (
			);
			buildRules = (
			);
			dependencies = (
			);
			name = Archive;
			productName = Archive;
			productReference = D0865C6E26CC890F00690A79 /* GS.Pacman.shk */;
			productType = "com.apple.product-type.tool";
		};
		D0865C7226CC890F00690A79 /* doNotBuild */ = {
			isa = PBXNativeTarget;
			buildConfigurationList = D0865CA626CC891000690A79 /* Build configuration list for PBXNativeTarget "doNotBuild" */;
			buildPhases = (
				D0865C6F26CC890F00690A79 /* Sources */,
				D0865C7026CC890F00690A79 /* Frameworks */,
				D0865C7126CC890F00690A79 /* CopyFiles */,
			);
			buildRules = (
			);
			dependencies = (
			);
			name = doNotBuild;
			productName = doNotBuild;
			productReference = D0865C7326CC890F00690A79 /* doNotBuild */;
			productType = "com.apple.product-type.tool";
		};
/* End PBXNativeTarget section */

/* Begin PBXProject section */
		D0865C6326CC890F00690A79 /* Project object */ = {
			isa = PBXProject;
			attributes = {
				LastUpgradeCheck = 1010;
				ORGANIZATIONNAME = "Peter Hirschberg";
				TargetAttributes = {
					D0865C6726CC890F00690A79 = {
						CreatedOnToolsVersion = 10.1;
					};
					D0865C6826CC890F00690A79 = {
						CreatedOnToolsVersion = 10.1;
					};
					D0865C6B26CC890F00690A79 = {
						CreatedOnToolsVersion = 10.1;
					};
					D0865C6D26CC890F00690A79 = {
						CreatedOnToolsVersion = 10.1;
					};
					D0865C7226CC890F00690A79 = {
						CreatedOnToolsVersion = 10.1;
					};
				};
			};
			buildConfigurationList = D0865C6626CC890F00690A79 /* Build configuration list for PBXProject "GS.Pacman" */;
			compatibilityVersion = "Xcode 9.3";
			developmentRegion = en;
			hasScannedForEncodings = 0;
			knownRegions = (
				en,
			);
			mainGroup = D0865C6226CC890F00690A79;
			productRefGroup = D0865C6A26CC890F00690A79 /* Products */;
			projectDirPath = "";
			projectRoot = "";
			targets = (
				D0865C6726CC890F00690A79 /* GS.Pacman */,
				D0865C6826CC890F00690A79 /* Binary */,
				D0865C6B26CC890F00690A79 /* DiskImage */,
				D0865C6D26CC890F00690A79 /* Archive */,
				D0865C7226CC890F00690A79 /* doNotBuild */,
			);
		};
/* End PBXProject section */

/* Begin PBXSourcesBuildPhase section */
		D0865C6F26CC890F00690A79 /* Sources */ = {
			isa = PBXSourcesBuildPhase;
			buildActionMask = 2147483647;
			files = (
				D0865CB926D1EA6700690A79 /* sprites.s in Sources */,
				D049B68F26EA081A00EBB157 /* alphaSprites.s in Sources */,
				D0865CB726D0847D00690A79 /* color.s in Sources */,
				D0865CB126CF401E00690A79 /* globals.s in Sources */,
				D03234DA26DEF5CA009E2D7E /* controls.s in Sources */,
				D0865CAA26CF3D7200690A79 /* game.s in Sources */,
				D03234D626D79D8E009E2D7E /* ghosts.s in Sources */,
				D0865C7B26CC890F00690A79 /* Makefile in Sources */,
				D049B68D26E6437800EBB157 /* collision.s in Sources */,
				D03234D826D79DBE009E2D7E /* pac.s in Sources */,
				D049B69326EB709400EBB157 /* score.s in Sources */,
				D049B69526F16E1D00EBB157 /* fruit.s in Sources */,
				D03234DC26E08B1F009E2D7E /* sound.s in Sources */,
				D0865CAF26CF3F5300690A79 /* global.macros in Sources */,
				D049B69126EA083600EBB157 /* drawAlphaSprites.s in Sources */,
				D0865CB526CF435100690A79 /* maze.s in Sources */,
				D03234D226D38B40009E2D7E /* drawSprite.s in Sources */,
				D049B69726F4AAFF00EBB157 /* levelDisplay.s in Sources */,
				D0865CB326CF40A600690A79 /* hardware.s in Sources */,
				D0865C7626CC890F00690A79 /* main.c in Sources */,
			);
			runOnlyForDeploymentPostprocessing = 0;
		};
/* End PBXSourcesBuildPhase section */

/* Begin XCBuildConfiguration section */
		D0865C9826CC890F00690A79 /* Debug */ = {
			isa = XCBuildConfiguration;
			buildSettings = {
				ALWAYS_SEARCH_USER_PATHS = NO;
				CLANG_ANALYZER_NONNULL = YES;
				CLANG_ANALYZER_NUMBER_OBJECT_CONVERSION = YES_AGGRESSIVE;
				CLANG_CXX_LANGUAGE_STANDARD = "gnu++14";
				CLANG_CXX_LIBRARY = "libc++";
				CLANG_ENABLE_MODULES = YES;
				CLANG_ENABLE_OBJC_ARC = YES;
				CLANG_ENABLE_OBJC_WEAK = YES;
				CLANG_WARN_BLOCK_CAPTURE_AUTORELEASING = YES;
				CLANG_WARN_BOOL_CONVERSION = YES;
				CLANG_WARN_COMMA = YES;
				CLANG_WARN_CONSTANT_CONVERSION = YES;
				CLANG_WARN_DEPRECATED_OBJC_IMPLEMENTATIONS = YES;
				CLANG_WARN_DIRECT_OBJC_ISA_USAGE = YES_ERROR;
				CLANG_WARN_DOCUMENTATION_COMMENTS = YES;
				CLANG_WARN_EMPTY_BODY = YES;
				CLANG_WARN_ENUM_CONVERSION = YES;
				CLANG_WARN_INFINITE_RECURSION = YES;
				CLANG_WARN_INT_CONVERSION = YES;
				CLANG_WARN_NON_LITERAL_NULL_CONVERSION = YES;
				CLANG_WARN_OBJC_IMPLICIT_RETAIN_SELF = YES;
				CLANG_WARN_OBJC_LITERAL_CONVERSION = YES;
				CLANG_WARN_OBJC_ROOT_CLASS = YES_ERROR;
				CLANG_WARN_RANGE_LOOP_ANALYSIS = YES;
				CLANG_WARN_STRICT_PROTOTYPES = YES;
				CLANG_WARN_SUSPICIOUS_MOVE = YES;
				CLANG_WARN_UNGUARDED_AVAILABILITY = YES_AGGRESSIVE;
				CLANG_WARN_UNREACHABLE_CODE = YES;
				CLANG_WARN__DUPLICATE_METHOD_MATCH = YES;
				COPY_PHASE_STRIP = NO;
				DEBUG_INFORMATION_FORMAT = dwarf;
				ENABLE_STRICT_OBJC_MSGSEND = YES;
				ENABLE_TESTABILITY = YES;
				GCC_C_LANGUAGE_STANDARD = gnu11;
				GCC_DYNAMIC_NO_PIC = NO;
				GCC_NO_COMMON_BLOCKS = YES;
				GCC_OPTIMIZATION_LEVEL = 0;
				GCC_PREPROCESSOR_DEFINITIONS = (
					"DEBUG=1",
					"$(inherited)",
				);
				GCC_WARN_64_TO_32_BIT_CONVERSION = YES;
				GCC_WARN_ABOUT_RETURN_TYPE = YES_ERROR;
				GCC_WARN_UNDECLARED_SELECTOR = YES;
				GCC_WARN_UNINITIALIZED_AUTOS = YES_AGGRESSIVE;
				GCC_WARN_UNUSED_FUNCTION = YES;
				GCC_WARN_UNUSED_VARIABLE = YES;
				MTL_ENABLE_DEBUG_INFO = INCLUDE_SOURCE;
				MTL_FAST_MATH = YES;
				ONLY_ACTIVE_ARCH = YES;
			};
			name = Debug;
		};
		D0865C9926CC891000690A79 /* Release */ = {
			isa = XCBuildConfiguration;
			buildSettings = {
				ALWAYS_SEARCH_USER_PATHS = NO;
				CLANG_ANALYZER_NONNULL = YES;
				CLANG_ANALYZER_NUMBER_OBJECT_CONVERSION = YES_AGGRESSIVE;
				CLANG_CXX_LANGUAGE_STANDARD = "gnu++14";
				CLANG_CXX_LIBRARY = "libc++";
				CLANG_ENABLE_MODULES = YES;
				CLANG_ENABLE_OBJC_ARC = YES;
				CLANG_ENABLE_OBJC_WEAK = YES;
				CLANG_WARN_BLOCK_CAPTURE_AUTORELEASING = YES;
				CLANG_WARN_BOOL_CONVERSION = YES;
				CLANG_WARN_COMMA = YES;
				CLANG_WARN_CONSTANT_CONVERSION = YES;
				CLANG_WARN_DEPRECATED_OBJC_IMPLEMENTATIONS = YES;
				CLANG_WARN_DIRECT_OBJC_ISA_USAGE = YES_ERROR;
				CLANG_WARN_DOCUMENTATION_COMMENTS = YES;
				CLANG_WARN_EMPTY_BODY = YES;
				CLANG_WARN_ENUM_CONVERSION = YES;
				CLANG_WARN_INFINITE_RECURSION = YES;
				CLANG_WARN_INT_CONVERSION = YES;
				CLANG_WARN_NON_LITERAL_NULL_CONVERSION = YES;
				CLANG_WARN_OBJC_IMPLICIT_RETAIN_SELF = YES;
				CLANG_WARN_OBJC_LITERAL_CONVERSION = YES;
				CLANG_WARN_OBJC_ROOT_CLASS = YES_ERROR;
				CLANG_WARN_RANGE_LOOP_ANALYSIS = YES;
				CLANG_WARN_STRICT_PROTOTYPES = YES;
				CLANG_WARN_SUSPICIOUS_MOVE = YES;
				CLANG_WARN_UNGUARDED_AVAILABILITY = YES_AGGRESSIVE;
				CLANG_WARN_UNREACHABLE_CODE = YES;
				CLANG_WARN__DUPLICATE_METHOD_MATCH = YES;
				COPY_PHASE_STRIP = NO;
				DEBUG_INFORMATION_FORMAT = "dwarf-with-dsym";
				ENABLE_NS_ASSERTIONS = NO;
				ENABLE_STRICT_OBJC_MSGSEND = YES;
				GCC_C_LANGUAGE_STANDARD = gnu11;
				GCC_NO_COMMON_BLOCKS = YES;
				GCC_WARN_64_TO_32_BIT_CONVERSION = YES;
				GCC_WARN_ABOUT_RETURN_TYPE = YES_ERROR;
				GCC_WARN_UNDECLARED_SELECTOR = YES;
				GCC_WARN_UNINITIALIZED_AUTOS = YES_AGGRESSIVE;
				GCC_WARN_UNUSED_FUNCTION = YES;
				GCC_WARN_UNUSED_VARIABLE = YES;
				MTL_ENABLE_DEBUG_INFO = NO;
				MTL_FAST_MATH = YES;
			};
			name = Release;
		};
		D0865C9B26CC891000690A79 /* Debug */ = {
			isa = XCBuildConfiguration;
			buildSettings = {
				CODE_SIGN_STYLE = Automatic;
				DEBUGGING_SYMBOLS = YES;
				DEBUG_INFORMATION_FORMAT = dwarf;
				GCC_GENERATE_DEBUGGING_SYMBOLS = YES;
				GCC_OPTIMIZATION_LEVEL = 0;
				OTHER_CFLAGS = "";
				OTHER_LDFLAGS = "";
				PRODUCT_NAME = "$(TARGET_NAME)";
			};
			name = Debug;
		};
		D0865C9C26CC891000690A79 /* Release */ = {
			isa = XCBuildConfiguration;
			buildSettings = {
				CODE_SIGN_STYLE = Automatic;
				DEBUG_INFORMATION_FORMAT = "dwarf-with-dsym";
				OTHER_CFLAGS = "";
				OTHER_LDFLAGS = "";
				PRODUCT_NAME = "$(TARGET_NAME)";
			};
			name = Release;
		};
		D0865C9E26CC891000690A79 /* Debug */ = {
			isa = XCBuildConfiguration;
			buildSettings = {
				CODE_SIGN_STYLE = Automatic;
				PRODUCT_NAME = GS.Pacman;
			};
			name = Debug;
		};
		D0865C9F26CC891000690A79 /* Release */ = {
			isa = XCBuildConfiguration;
			buildSettings = {
				CODE_SIGN_STYLE = Automatic;
				PRODUCT_NAME = GS.Pacman;
			};
			name = Release;
		};
		D0865CA126CC891000690A79 /* Debug */ = {
			isa = XCBuildConfiguration;
			buildSettings = {
				CODE_SIGN_STYLE = Automatic;
				PRODUCT_NAME = GS.Pacman.2mg;
			};
			name = Debug;
		};
		D0865CA226CC891000690A79 /* Release */ = {
			isa = XCBuildConfiguration;
			buildSettings = {
				CODE_SIGN_STYLE = Automatic;
				PRODUCT_NAME = GS.Pacman.2mg;
			};
			name = Release;
		};
		D0865CA426CC891000690A79 /* Debug */ = {
			isa = XCBuildConfiguration;
			buildSettings = {
				CODE_SIGN_STYLE = Automatic;
				PRODUCT_NAME = GS.Pacman.shk;
			};
			name = Debug;
		};
		D0865CA526CC891000690A79 /* Release */ = {
			isa = XCBuildConfiguration;
			buildSettings = {
				CODE_SIGN_STYLE = Automatic;
				PRODUCT_NAME = GS.Pacman.shk;
			};
			name = Release;
		};
		D0865CA726CC891000690A79 /* Debug */ = {
			isa = XCBuildConfiguration;
			buildSettings = {
				CODE_SIGN_STYLE = Automatic;
				GCC_PREPROCESSOR_DEFINITIONS = (
					"inline(X,Y)=\"\"\n",
					"extended=double\n",
					"pascal=\"\"",
				);
				HEADER_SEARCH_PATHS = (
					"$TEMP_ROOT/GS.Pacman.build/$CONFIGURATION/GS.Pacman.build/DerivedSources\n",
					"$GOLDEN_GATE/Libraries/ORCACDefs\n",
					"~/Library/GoldenGate/Libraries/ORCACDefs\n",
					"/Library/GoldenGate/Libraries/ORCACDefs\n",
					"~/GoldenGate/Libraries/ORCACDefs",
				);
				PRODUCT_NAME = doNotBuild;
			};
			name = Debug;
		};
		D0865CA826CC891000690A79 /* Release */ = {
			isa = XCBuildConfiguration;
			buildSettings = {
				CODE_SIGN_STYLE = Automatic;
				GCC_PREPROCESSOR_DEFINITIONS = (
					"inline(X,Y)=\"\"\n",
					"extended=double\n",
					"pascal=\"\"",
				);
				HEADER_SEARCH_PATHS = (
					"$TEMP_ROOT/GS.Pacman.build/$CONFIGURATION/GS.Pacman.build/DerivedSources\n",
					"$GOLDEN_GATE/Libraries/ORCACDefs\n",
					"~/Library/GoldenGate/Libraries/ORCACDefs\n",
					"/Library/GoldenGate/Libraries/ORCACDefs\n",
					"~/GoldenGate/Libraries/ORCACDefs",
				);
				PRODUCT_NAME = doNotBuild;
			};
			name = Release;
		};
/* End XCBuildConfiguration section */

/* Begin XCConfigurationList section */
		D0865C6626CC890F00690A79 /* Build configuration list for PBXProject "GS.Pacman" */ = {
			isa = XCConfigurationList;
			buildConfigurations = (
				D0865C9826CC890F00690A79 /* Debug */,
				D0865C9926CC891000690A79 /* Release */,
			);
			defaultConfigurationIsVisible = 0;
			defaultConfigurationName = Release;
		};
		D0865C9A26CC891000690A79 /* Build configuration list for PBXLegacyTarget "GS.Pacman" */ = {
			isa = XCConfigurationList;
			buildConfigurations = (
				D0865C9B26CC891000690A79 /* Debug */,
				D0865C9C26CC891000690A79 /* Release */,
			);
			defaultConfigurationIsVisible = 0;
			defaultConfigurationName = Release;
		};
		D0865C9D26CC891000690A79 /* Build configuration list for PBXNativeTarget "Binary" */ = {
			isa = XCConfigurationList;
			buildConfigurations = (
				D0865C9E26CC891000690A79 /* Debug */,
				D0865C9F26CC891000690A79 /* Release */,
			);
			defaultConfigurationIsVisible = 0;
			defaultConfigurationName = Release;
		};
		D0865CA026CC891000690A79 /* Build configuration list for PBXNativeTarget "DiskImage" */ = {
			isa = XCConfigurationList;
			buildConfigurations = (
				D0865CA126CC891000690A79 /* Debug */,
				D0865CA226CC891000690A79 /* Release */,
			);
			defaultConfigurationIsVisible = 0;
			defaultConfigurationName = Release;
		};
		D0865CA326CC891000690A79 /* Build configuration list for PBXNativeTarget "Archive" */ = {
			isa = XCConfigurationList;
			buildConfigurations = (
				D0865CA426CC891000690A79 /* Debug */,
				D0865CA526CC891000690A79 /* Release */,
			);
			defaultConfigurationIsVisible = 0;
			defaultConfigurationName = Release;
		};
		D0865CA626CC891000690A79 /* Build configuration list for PBXNativeTarget "doNotBuild" */ = {
			isa = XCConfigurationList;
			buildConfigurations = (
				D0865CA726CC891000690A79 /* Debug */,
				D0865CA826CC891000690A79 /* Release */,
			);
			defaultConfigurationIsVisible = 0;
			defaultConfigurationName = Release;
		};
/* End XCConfigurationList section */
	};
	rootObject = D0865C6326CC890F00690A79 /* Project object */;
}
